
Microsoft Visual Studio Solution File, Format Version 12.00
# Visual Studio Version 17
VisualStudioVersion = 17.14.36119.2 d17.14
MinimumVisualStudioVersion = 10.0.40219.1
Project("{FAE04EC0-301F-11D3-BF4B-00C04F79EFBC}") = "RentalProperty", "RentalProperty\RentalProperty.csproj", "{FAF191CF-7D9D-485C-86FD-01B7726C23A2}"
EndProject
Global
	GlobalSection(SolutionConfigurationPlatforms) = preSolution
		Debug|Any CPU = Debug|Any CPU
		Release|Any CPU = Release|Any CPU
	EndGlobalSection
	GlobalSection(ProjectConfigurationPlatforms) = postSolution
		{FAF191CF-7D9D-485C-86FD-01B7726C23A2}.Debug|Any CPU.ActiveCfg = Debug|Any CPU
		{FAF191CF-7D9D-485C-86FD-01B7726C23A2}.Debug|Any CPU.Build.0 = Debug|Any CPU
		{FAF191CF-7D9D-485C-86FD-01B7726C23A2}.Release|Any CPU.ActiveCfg = Release|Any CPU
		{FAF191CF-7D9D-485C-86FD-01B7726C23A2}.Release|Any CPU.Build.0 = Release|Any CPU
	EndGlobalSection
	GlobalSection(SolutionProperties) = preSolution
		HideSolutionNode = FALSE
	EndGlobalSection
	GlobalSection(ExtensibilityGlobals) = postSolution
		SolutionGuid = {6DF80EE9-39E6-4FA6-AB8E-56A423A8A9EF}
	EndGlobalSection
EndGlobal
